
Microsoft Visual Studio Solution File, Format Version 12.00
# Visual Studio Version 16
VisualStudioVersion = 16.0.31624.102
MinimumVisualStudioVersion = 10.0.40219.1
Project("{FAE04EC0-301F-11D3-BF4B-00C04F79EFBC}") = "pertla", "pertla\pertla.csproj", "{9DFF3622-B14D-417C-86E3-BF57FECAC665}"
EndProject
Global
	GlobalSection(SolutionConfigurationPlatforms) = preSolution
		Debug|Any CPU = Debug|Any CPU
		Release|Any CPU = Release|Any CPU
	EndGlobalSection
	GlobalSection(ProjectConfigurationPlatforms) = postSolution
		{9DFF3622-B14D-417C-86E3-BF57FECAC665}.Debug|Any CPU.ActiveCfg = Debug|Any CPU
		{9DFF3622-B14D-417C-86E3-BF57FECAC665}.Debug|Any CPU.Build.0 = Debug|Any CPU
		{9DFF3622-B14D-417C-86E3-BF57FECAC665}.Release|Any CPU.ActiveCfg = Release|Any CPU
		{9DFF3622-B14D-417C-86E3-BF57FECAC665}.Release|Any CPU.Build.0 = Release|Any CPU
	EndGlobalSection
	GlobalSection(SolutionProperties) = preSolution
		HideSolutionNode = FALSE
	EndGlobalSection
	GlobalSection(ExtensibilityGlobals) = postSolution
		SolutionGuid = {E573B172-B8EC-4353-95B7-9311E4D11CF4}
	EndGlobalSection
EndGlobal
